
Microsoft Visual Studio Solution File, Format Version 12.00
# Visual Studio Version 17
VisualStudioVersion = 17.1.32407.343
MinimumVisualStudioVersion = 10.0.40219.1
Project("{8BC9CEB8-8B4A-11D0-8D11-00A0C91BC942}") = "001", "001\001.vcxproj", "{FC683B3A-DD37-4190-A883-78124EDDC760}"
EndProject
Global
	GlobalSection(SolutionConfigurationPlatforms) = preSolution
		Debug|x64 = Debug|x64
		Debug|x86 = Debug|x86
		Release|x64 = Release|x64
		Release|x86 = Release|x86
	EndGlobalSection
	GlobalSection(ProjectConfigurationPlatforms) = postSolution
		{FC683B3A-DD37-4190-A883-78124EDDC760}.Debug|x64.ActiveCfg = Debug|x64
		{FC683B3A-DD37-4190-A883-78124EDDC760}.Debug|x64.Build.0 = Debug|x64
		{FC683B3A-DD37-4190-A883-78124EDDC760}.Debug|x86.ActiveCfg = Debug|Win32
		{FC683B3A-DD37-4190-A883-78124EDDC760}.Debug|x86.Build.0 = Debug|Win32
		{FC683B3A-DD37-4190-A883-78124EDDC760}.Release|x64.ActiveCfg = Release|x64
		{FC683B3A-DD37-4190-A883-78124EDDC760}.Release|x64.Build.0 = Release|x64
		{FC683B3A-DD37-4190-A883-78124EDDC760}.Release|x86.ActiveCfg = Release|Win32
		{FC683B3A-DD37-4190-A883-78124EDDC760}.Release|x86.Build.0 = Release|Win32
	EndGlobalSection
	GlobalSection(SolutionProperties) = preSolution
		HideSolutionNode = FALSE
	EndGlobalSection
	GlobalSection(ExtensibilityGlobals) = postSolution
		SolutionGuid = {B9A1BB04-9B1D-47CB-B758-7E1E9F0CEB24}
	EndGlobalSection
EndGlobal
